// !$*UTF8*$!
{
	archiveVersion = 1;
	classes = {
	};
	objectVersion = 77;
	objects = {

/* Begin PBXBuildFile section */
		00244E602CDB52B20063EAF0 /* SignalRClient in Frameworks */ = {isa = PBXBuildFile; productRef = 00244E5F2CDB52B20063EAF0 /* SignalRClient */; };
		00353FBB2CEC920000773D3B /* StepperView in Frameworks */ = {isa = PBXBuildFile; productRef = 00353FBA2CEC920000773D3B /* StepperView */; };
		0071B72B2CD52AA400FEB497 /* Stripe in Frameworks */ = {isa = PBXBuildFile; productRef = 0071B72A2CD52AA400FEB497 /* Stripe */; };
		0071B72D2CD52AA400FEB497 /* StripePaymentSheet in Frameworks */ = {isa = PBXBuildFile; productRef = 0071B72C2CD52AA400FEB497 /* StripePaymentSheet */; };
		0071B7382CD54A3F00FEB497 /* SceneKit.framework in Frameworks */ = {isa = PBXBuildFile; fileRef = 0071B7322CD545E400FEB497 /* SceneKit.framework */; };
		00879CF52CEF59C100120423 /* Alamofire in Frameworks */ = {isa = PBXBuildFile; productRef = 00879CF42CEF59C100120423 /* Alamofire */; };
		00879D302CF37C7D00120423 /* Kingfisher in Frameworks */ = {isa = PBXBuildFile; productRef = 00879D2F2CF37C7D00120423 /* Kingfisher */; };
		0097F6E22CB2E91D00F60068 /* Lottie in Frameworks */ = {isa = PBXBuildFile; productRef = 0097F6E12CB2E91D00F60068 /* Lottie */; };
		00B8538F2CCCBD9100B4CB33 /* FirebaseMessaging in Frameworks */ = {isa = PBXBuildFile; productRef = 00B8538E2CCCBD9100B4CB33 /* FirebaseMessaging */; };
		00CCF1362CD553060088DA56 /* SwiftUIPanoramaViewer in Frameworks */ = {isa = PBXBuildFile; productRef = 00CCF1352CD553060088DA56 /* SwiftUIPanoramaViewer */; };
		00CCF1382CD77FA70088DA56 /* PDFKit.framework in Frameworks */ = {isa = PBXBuildFile; fileRef = 00CCF1372CD77FA70088DA56 /* PDFKit.framework */; };
/* End PBXBuildFile section */

/* Begin PBXContainerItemProxy section */
		0097F6832CAD511300F60068 /* PBXContainerItemProxy */ = {
			isa = PBXContainerItemProxy;
			containerPortal = 0097F66A2CAD511200F60068 /* Project object */;
			proxyType = 1;
			remoteGlobalIDString = 0097F6712CAD511200F60068;
			remoteInfo = JustHome;
		};
		0097F68D2CAD511300F60068 /* PBXContainerItemProxy */ = {
			isa = PBXContainerItemProxy;
			containerPortal = 0097F66A2CAD511200F60068 /* Project object */;
			proxyType = 1;
			remoteGlobalIDString = 0097F6712CAD511200F60068;
			remoteInfo = JustHome;
		};
/* End PBXContainerItemProxy section */

/* Begin PBXFileReference section */
		0071B7322CD545E400FEB497 /* SceneKit.framework */ = {isa = PBXFileReference; lastKnownFileType = wrapper.framework; name = SceneKit.framework; path = System/Library/Frameworks/SceneKit.framework; sourceTree = SDKROOT; };
		0071B7342CD545EE00FEB497 /* libswiftSceneKit.tbd */ = {isa = PBXFileReference; lastKnownFileType = "sourcecode.text-based-dylib-definition"; name = libswiftSceneKit.tbd; path = usr/lib/swift/libswiftSceneKit.tbd; sourceTree = SDKROOT; };
		0097F6722CAD511200F60068 /* JustHome.app */ = {isa = PBXFileReference; explicitFileType = wrapper.application; includeInIndex = 0; path = JustHome.app; sourceTree = BUILT_PRODUCTS_DIR; };
		0097F6822CAD511300F60068 /* JustHomeTests.xctest */ = {isa = PBXFileReference; explicitFileType = wrapper.cfbundle; includeInIndex = 0; path = JustHomeTests.xctest; sourceTree = BUILT_PRODUCTS_DIR; };
		0097F68C2CAD511300F60068 /* JustHomeUITests.xctest */ = {isa = PBXFileReference; explicitFileType = wrapper.cfbundle; includeInIndex = 0; path = JustHomeUITests.xctest; sourceTree = BUILT_PRODUCTS_DIR; };
		00CCF1372CD77FA70088DA56 /* PDFKit.framework */ = {isa = PBXFileReference; lastKnownFileType = wrapper.framework; name = PDFKit.framework; path = System/Library/Frameworks/PDFKit.framework; sourceTree = SDKROOT; };
/* End PBXFileReference section */

/* Begin PBXFileSystemSynchronizedBuildFileExceptionSet section */
		0071B6532CCD62B500FEB497 /* Exceptions for "JustHome" folder in "JustHome" target */ = {
			isa = PBXFileSystemSynchronizedBuildFileExceptionSet;
			membershipExceptions = (
				Info.plist,
			);
			target = 0097F6712CAD511200F60068 /* JustHome */;
		};
/* End PBXFileSystemSynchronizedBuildFileExceptionSet section */

/* Begin PBXFileSystemSynchronizedRootGroup section */
		0097F6742CAD511200F60068 /* JustHome */ = {
			isa = PBXFileSystemSynchronizedRootGroup;
			exceptions = (
				0071B6532CCD62B500FEB497 /* Exceptions for "JustHome" folder in "JustHome" target */,
			);
			path = JustHome;
			sourceTree = "<group>";
		};
		0097F6852CAD511300F60068 /* JustHomeTests */ = {
			isa = PBXFileSystemSynchronizedRootGroup;
			path = JustHomeTests;
			sourceTree = "<group>";
		};
		0097F68F2CAD511300F60068 /* JustHomeUITests */ = {
			isa = PBXFileSystemSynchronizedRootGroup;
			path = JustHomeUITests;
			sourceTree = "<group>";
		};
/* End PBXFileSystemSynchronizedRootGroup section */

/* Begin PBXFrameworksBuildPhase section */
		0097F66F2CAD511200F60068 /* Frameworks */ = {
			isa = PBXFrameworksBuildPhase;
			buildActionMask = 2147483647;
			files = (
				0071B72D2CD52AA400FEB497 /* StripePaymentSheet in Frameworks */,
				00CCF1382CD77FA70088DA56 /* PDFKit.framework in Frameworks */,
				00B8538F2CCCBD9100B4CB33 /* FirebaseMessaging in Frameworks */,
				00353FBB2CEC920000773D3B /* StepperView in Frameworks */,
				0071B7382CD54A3F00FEB497 /* SceneKit.framework in Frameworks */,
				00879CF52CEF59C100120423 /* Alamofire in Frameworks */,
				00244E602CDB52B20063EAF0 /* SignalRClient in Frameworks */,
				0097F6E22CB2E91D00F60068 /* Lottie in Frameworks */,
				00879D302CF37C7D00120423 /* Kingfisher in Frameworks */,
				0071B72B2CD52AA400FEB497 /* Stripe in Frameworks */,
				00CCF1362CD553060088DA56 /* SwiftUIPanoramaViewer in Frameworks */,
			);
			runOnlyForDeploymentPostprocessing = 0;
		};
		0097F67F2CAD511300F60068 /* Frameworks */ = {
			isa = PBXFrameworksBuildPhase;
			buildActionMask = 2147483647;
			files = (
			);
			runOnlyForDeploymentPostprocessing = 0;
		};
		0097F6892CAD511300F60068 /* Frameworks */ = {
			isa = PBXFrameworksBuildPhase;
			buildActionMask = 2147483647;
			files = (
			);
			runOnlyForDeploymentPostprocessing = 0;
		};
/* End PBXFrameworksBuildPhase section */

/* Begin PBXGroup section */
		0071B7312CD545E400FEB497 /* Frameworks */ = {
			isa = PBXGroup;
			children = (
				00CCF1372CD77FA70088DA56 /* PDFKit.framework */,
				0071B7342CD545EE00FEB497 /* libswiftSceneKit.tbd */,
				0071B7322CD545E400FEB497 /* SceneKit.framework */,
			);
			name = Frameworks;
			sourceTree = "<group>";
		};
		0097F6692CAD511200F60068 = {
			isa = PBXGroup;
			children = (
				0097F6742CAD511200F60068 /* JustHome */,
				0097F6852CAD511300F60068 /* JustHomeTests */,
				0097F68F2CAD511300F60068 /* JustHomeUITests */,
				0071B7312CD545E400FEB497 /* Frameworks */,
				0097F6732CAD511200F60068 /* Products */,
			);
			sourceTree = "<group>";
		};
		0097F6732CAD511200F60068 /* Products */ = {
			isa = PBXGroup;
			children = (
				0097F6722CAD511200F60068 /* JustHome.app */,
				0097F6822CAD511300F60068 /* JustHomeTests.xctest */,
				0097F68C2CAD511300F60068 /* JustHomeUITests.xctest */,
			);
			name = Products;
			sourceTree = "<group>";
		};
/* End PBXGroup section */

/* Begin PBXNativeTarget section */
		0097F6712CAD511200F60068 /* JustHome */ = {
			isa = PBXNativeTarget;
			buildConfigurationList = 0097F6962CAD511300F60068 /* Build configuration list for PBXNativeTarget "JustHome" */;
			buildPhases = (
				0097F66E2CAD511200F60068 /* Sources */,
				0097F66F2CAD511200F60068 /* Frameworks */,
				0097F6702CAD511200F60068 /* Resources */,
			);
			buildRules = (
			);
			dependencies = (
			);
			fileSystemSynchronizedGroups = (
				0097F6742CAD511200F60068 /* JustHome */,
			);
			name = JustHome;
			packageProductDependencies = (
				0097F6E12CB2E91D00F60068 /* Lottie */,
				00B8538E2CCCBD9100B4CB33 /* FirebaseMessaging */,
				0071B72A2CD52AA400FEB497 /* Stripe */,
				0071B72C2CD52AA400FEB497 /* StripePaymentSheet */,
				00CCF1352CD553060088DA56 /* SwiftUIPanoramaViewer */,
				00244E5F2CDB52B20063EAF0 /* SignalRClient */,
				00353FBA2CEC920000773D3B /* StepperView */,
				00879CF42CEF59C100120423 /* Alamofire */,
				00879D2F2CF37C7D00120423 /* Kingfisher */,
			);
			productName = JustHome;
			productReference = 0097F6722CAD511200F60068 /* JustHome.app */;
			productType = "com.apple.product-type.application";
		};
		0097F6812CAD511300F60068 /* JustHomeTests */ = {
			isa = PBXNativeTarget;
			buildConfigurationList = 0097F6992CAD511300F60068 /* Build configuration list for PBXNativeTarget "JustHomeTests" */;
			buildPhases = (
				0097F67E2CAD511300F60068 /* Sources */,
				0097F67F2CAD511300F60068 /* Frameworks */,
				0097F6802CAD511300F60068 /* Resources */,
			);
			buildRules = (
			);
			dependencies = (
				0097F6842CAD511300F60068 /* PBXTargetDependency */,
			);
			fileSystemSynchronizedGroups = (
				0097F6852CAD511300F60068 /* JustHomeTests */,
			);
			name = JustHomeTests;
			packageProductDependencies = (
			);
			productName = JustHomeTests;
			productReference = 0097F6822CAD511300F60068 /* JustHomeTests.xctest */;
			productType = "com.apple.product-type.bundle.unit-test";
		};
		0097F68B2CAD511300F60068 /* JustHomeUITests */ = {
			isa = PBXNativeTarget;
			buildConfigurationList = 0097F69C2CAD511300F60068 /* Build configuration list for PBXNativeTarget "JustHomeUITests" */;
			buildPhases = (
				0097F6882CAD511300F60068 /* Sources */,
				0097F6892CAD511300F60068 /* Frameworks */,
				0097F68A2CAD511300F60068 /* Resources */,
			);
			buildRules = (
			);
			dependencies = (
				0097F68E2CAD511300F60068 /* PBXTargetDependency */,
			);
			fileSystemSynchronizedGroups = (
				0097F68F2CAD511300F60068 /* JustHomeUITests */,
			);
			name = JustHomeUITests;
			packageProductDependencies = (
			);
			productName = JustHomeUITests;
			productReference = 0097F68C2CAD511300F60068 /* JustHomeUITests.xctest */;
			productType = "com.apple.product-type.bundle.ui-testing";
		};
/* End PBXNativeTarget section */

/* Begin PBXProject section */
		0097F66A2CAD511200F60068 /* Project object */ = {
			isa = PBXProject;
			attributes = {
				BuildIndependentTargetsInParallel = 1;
				LastSwiftUpdateCheck = 1600;
				LastUpgradeCheck = 1600;
				TargetAttributes = {
					0097F6712CAD511200F60068 = {
						CreatedOnToolsVersion = 16.0;
					};
					0097F6812CAD511300F60068 = {
						CreatedOnToolsVersion = 16.0;
						TestTargetID = 0097F6712CAD511200F60068;
					};
					0097F68B2CAD511300F60068 = {
						CreatedOnToolsVersion = 16.0;
						TestTargetID = 0097F6712CAD511200F60068;
					};
				};
			};
			buildConfigurationList = 0097F66D2CAD511200F60068 /* Build configuration list for PBXProject "JustHome" */;
			developmentRegion = en;
			hasScannedForEncodings = 0;
			knownRegions = (
				en,
				Base,
			);
			mainGroup = 0097F6692CAD511200F60068;
			minimizedProjectReferenceProxies = 1;
			packageReferences = (
				0097F6E02CB2E91D00F60068 /* XCRemoteSwiftPackageReference "lottie-ios" */,
				00B8538D2CCCBD9100B4CB33 /* XCRemoteSwiftPackageReference "firebase-ios-sdk" */,
				0071B7292CD52AA400FEB497 /* XCRemoteSwiftPackageReference "stripe-ios-spm" */,
				00CCF1342CD553060088DA56 /* XCRemoteSwiftPackageReference "SwiftUIPanoramaViewer" */,
				00244E5E2CDB52B20063EAF0 /* XCRemoteSwiftPackageReference "SignalR-Client-Swift" */,
				00353FB92CEC920000773D3B /* XCRemoteSwiftPackageReference "StepperView" */,
				00879CF32CEF59C100120423 /* XCRemoteSwiftPackageReference "Alamofire" */,
				00879D2E2CF37C7D00120423 /* XCRemoteSwiftPackageReference "Kingfisher" */,
			);
			preferredProjectObjectVersion = 77;
			productRefGroup = 0097F6732CAD511200F60068 /* Products */;
			projectDirPath = "";
			projectRoot = "";
			targets = (
				0097F6712CAD511200F60068 /* JustHome */,
				0097F6812CAD511300F60068 /* JustHomeTests */,
				0097F68B2CAD511300F60068 /* JustHomeUITests */,
			);
		};
/* End PBXProject section */

/* Begin PBXResourcesBuildPhase section */
		0097F6702CAD511200F60068 /* Resources */ = {
			isa = PBXResourcesBuildPhase;
			buildActionMask = 2147483647;
			files = (
			);
			runOnlyForDeploymentPostprocessing = 0;
		};
		0097F6802CAD511300F60068 /* Resources */ = {
			isa = PBXResourcesBuildPhase;
			buildActionMask = 2147483647;
			files = (
			);
			runOnlyForDeploymentPostprocessing = 0;
		};
		0097F68A2CAD511300F60068 /* Resources */ = {
			isa = PBXResourcesBuildPhase;
			buildActionMask = 2147483647;
			files = (
			);
			runOnlyForDeploymentPostprocessing = 0;
		};
/* End PBXResourcesBuildPhase section */

/* Begin PBXSourcesBuildPhase section */
		0097F66E2CAD511200F60068 /* Sources */ = {
			isa = PBXSourcesBuildPhase;
			buildActionMask = 2147483647;
			files = (
			);
			runOnlyForDeploymentPostprocessing = 0;
		};
		0097F67E2CAD511300F60068 /* Sources */ = {
			isa = PBXSourcesBuildPhase;
			buildActionMask = 2147483647;
			files = (
			);
			runOnlyForDeploymentPostprocessing = 0;
		};
		0097F6882CAD511300F60068 /* Sources */ = {
			isa = PBXSourcesBuildPhase;
			buildActionMask = 2147483647;
			files = (
			);
			runOnlyForDeploymentPostprocessing = 0;
		};
/* End PBXSourcesBuildPhase section */

/* Begin PBXTargetDependency section */
		0097F6842CAD511300F60068 /* PBXTargetDependency */ = {
			isa = PBXTargetDependency;
			target = 0097F6712CAD511200F60068 /* JustHome */;
			targetProxy = 0097F6832CAD511300F60068 /* PBXContainerItemProxy */;
		};
		0097F68E2CAD511300F60068 /* PBXTargetDependency */ = {
			isa = PBXTargetDependency;
			target = 0097F6712CAD511200F60068 /* JustHome */;
			targetProxy = 0097F68D2CAD511300F60068 /* PBXContainerItemProxy */;
		};
/* End PBXTargetDependency section */

/* Begin XCBuildConfiguration section */
		0097F6942CAD511300F60068 /* Debug */ = {
			isa = XCBuildConfiguration;
			buildSettings = {
				ALWAYS_SEARCH_USER_PATHS = NO;
				ASSETCATALOG_COMPILER_GENERATE_SWIFT_ASSET_SYMBOL_EXTENSIONS = YES;
				CLANG_ANALYZER_NONNULL = YES;
				CLANG_ANALYZER_NUMBER_OBJECT_CONVERSION = YES_AGGRESSIVE;
				CLANG_CXX_LANGUAGE_STANDARD = "gnu++20";
				CLANG_ENABLE_MODULES = YES;
				CLANG_ENABLE_OBJC_ARC = YES;
				CLANG_ENABLE_OBJC_WEAK = YES;
				CLANG_WARN_BLOCK_CAPTURE_AUTORELEASING = YES;
				CLANG_WARN_BOOL_CONVERSION = YES;
				CLANG_WARN_COMMA = YES;
				CLANG_WARN_CONSTANT_CONVERSION = YES;
				CLANG_WARN_DEPRECATED_OBJC_IMPLEMENTATIONS = YES;
				CLANG_WARN_DIRECT_OBJC_ISA_USAGE = YES_ERROR;
				CLANG_WARN_DOCUMENTATION_COMMENTS = YES;
				CLANG_WARN_EMPTY_BODY = YES;
				CLANG_WARN_ENUM_CONVERSION = YES;
				CLANG_WARN_INFINITE_RECURSION = YES;
				CLANG_WARN_INT_CONVERSION = YES;
				CLANG_WARN_NON_LITERAL_NULL_CONVERSION = YES;
				CLANG_WARN_OBJC_IMPLICIT_RETAIN_SELF = YES;
				CLANG_WARN_OBJC_LITERAL_CONVERSION = YES;
				CLANG_WARN_OBJC_ROOT_CLASS = YES_ERROR;
				CLANG_WARN_QUOTED_INCLUDE_IN_FRAMEWORK_HEADER = YES;
				CLANG_WARN_RANGE_LOOP_ANALYSIS = YES;
				CLANG_WARN_STRICT_PROTOTYPES = YES;
				CLANG_WARN_SUSPICIOUS_MOVE = YES;
				CLANG_WARN_UNGUARDED_AVAILABILITY = YES_AGGRESSIVE;
				CLANG_WARN_UNREACHABLE_CODE = YES;
				CLANG_WARN__DUPLICATE_METHOD_MATCH = YES;
				COPY_PHASE_STRIP = NO;
				DEBUG_INFORMATION_FORMAT = dwarf;
				ENABLE_STRICT_OBJC_MSGSEND = YES;
				ENABLE_TESTABILITY = YES;
				ENABLE_USER_SCRIPT_SANDBOXING = YES;
				GCC_C_LANGUAGE_STANDARD = gnu17;
				GCC_DYNAMIC_NO_PIC = NO;
				GCC_NO_COMMON_BLOCKS = YES;
				GCC_OPTIMIZATION_LEVEL = 0;
				GCC_PREPROCESSOR_DEFINITIONS = (
					"DEBUG=1",
					"$(inherited)",
				);
				GCC_WARN_64_TO_32_BIT_CONVERSION = YES;
				GCC_WARN_ABOUT_RETURN_TYPE = YES_ERROR;
				GCC_WARN_UNDECLARED_SELECTOR = YES;
				GCC_WARN_UNINITIALIZED_AUTOS = YES_AGGRESSIVE;
				GCC_WARN_UNUSED_FUNCTION = YES;
				GCC_WARN_UNUSED_VARIABLE = YES;
				IPHONEOS_DEPLOYMENT_TARGET = 18.0;
				LOCALIZATION_PREFERS_STRING_CATALOGS = YES;
				MTL_ENABLE_DEBUG_INFO = INCLUDE_SOURCE;
				MTL_FAST_MATH = YES;
				ONLY_ACTIVE_ARCH = YES;
				SDKROOT = iphoneos;
				SWIFT_ACTIVE_COMPILATION_CONDITIONS = "DEBUG $(inherited)";
				SWIFT_OPTIMIZATION_LEVEL = "-Onone";
			};
			name = Debug;
		};
		0097F6952CAD511300F60068 /* Release */ = {
			isa = XCBuildConfiguration;
			buildSettings = {
				ALWAYS_SEARCH_USER_PATHS = NO;
				ASSETCATALOG_COMPILER_GENERATE_SWIFT_ASSET_SYMBOL_EXTENSIONS = YES;
				CLANG_ANALYZER_NONNULL = YES;
				CLANG_ANALYZER_NUMBER_OBJECT_CONVERSION = YES_AGGRESSIVE;
				CLANG_CXX_LANGUAGE_STANDARD = "gnu++20";
				CLANG_ENABLE_MODULES = YES;
				CLANG_ENABLE_OBJC_ARC = YES;
				CLANG_ENABLE_OBJC_WEAK = YES;
				CLANG_WARN_BLOCK_CAPTURE_AUTORELEASING = YES;
				CLANG_WARN_BOOL_CONVERSION = YES;
				CLANG_WARN_COMMA = YES;
				CLANG_WARN_CONSTANT_CONVERSION = YES;
				CLANG_WARN_DEPRECATED_OBJC_IMPLEMENTATIONS = YES;
				CLANG_WARN_DIRECT_OBJC_ISA_USAGE = YES_ERROR;
				CLANG_WARN_DOCUMENTATION_COMMENTS = YES;
				CLANG_WARN_EMPTY_BODY = YES;
				CLANG_WARN_ENUM_CONVERSION = YES;
				CLANG_WARN_INFINITE_RECURSION = YES;
				CLANG_WARN_INT_CONVERSION = YES;
				CLANG_WARN_NON_LITERAL_NULL_CONVERSION = YES;
				CLANG_WARN_OBJC_IMPLICIT_RETAIN_SELF = YES;
				CLANG_WARN_OBJC_LITERAL_CONVERSION = YES;
				CLANG_WARN_OBJC_ROOT_CLASS = YES_ERROR;
				CLANG_WARN_QUOTED_INCLUDE_IN_FRAMEWORK_HEADER = YES;
				CLANG_WARN_RANGE_LOOP_ANALYSIS = YES;
				CLANG_WARN_STRICT_PROTOTYPES = YES;
				CLANG_WARN_SUSPICIOUS_MOVE = YES;
				CLANG_WARN_UNGUARDED_AVAILABILITY = YES_AGGRESSIVE;
				CLANG_WARN_UNREACHABLE_CODE = YES;
				CLANG_WARN__DUPLICATE_METHOD_MATCH = YES;
				COPY_PHASE_STRIP = NO;
				DEBUG_INFORMATION_FORMAT = "dwarf-with-dsym";
				ENABLE_NS_ASSERTIONS = NO;
				ENABLE_STRICT_OBJC_MSGSEND = YES;
				ENABLE_USER_SCRIPT_SANDBOXING = YES;
				GCC_C_LANGUAGE_STANDARD = gnu17;
				GCC_NO_COMMON_BLOCKS = YES;
				GCC_WARN_64_TO_32_BIT_CONVERSION = YES;
				GCC_WARN_ABOUT_RETURN_TYPE = YES_ERROR;
				GCC_WARN_UNDECLARED_SELECTOR = YES;
				GCC_WARN_UNINITIALIZED_AUTOS = YES_AGGRESSIVE;
				GCC_WARN_UNUSED_FUNCTION = YES;
				GCC_WARN_UNUSED_VARIABLE = YES;
				IPHONEOS_DEPLOYMENT_TARGET = 18.0;
				LOCALIZATION_PREFERS_STRING_CATALOGS = YES;
				MTL_ENABLE_DEBUG_INFO = NO;
				MTL_FAST_MATH = YES;
				SDKROOT = iphoneos;
				SWIFT_COMPILATION_MODE = wholemodule;
				VALIDATE_PRODUCT = YES;
			};
			name = Release;
		};
		0097F6972CAD511300F60068 /* Debug */ = {
			isa = XCBuildConfiguration;
			buildSettings = {
				ASSETCATALOG_COMPILER_APPICON_NAME = AppIcon;
				ASSETCATALOG_COMPILER_GLOBAL_ACCENT_COLOR_NAME = AccentColor;
				CODE_SIGN_ENTITLEMENTS = JustHome/JustHome.entitlements;
				CODE_SIGN_STYLE = Automatic;
				CURRENT_PROJECT_VERSION = 1;
				DEVELOPMENT_ASSET_PATHS = "\"JustHome/Preview Content\"";
				DEVELOPMENT_TEAM = TQKAT5B374;
				ENABLE_PREVIEWS = YES;
				GENERATE_INFOPLIST_FILE = YES;
				INFOPLIST_FILE = JustHome/Info.plist;
				INFOPLIST_KEY_NSCameraUsageDescription = "Dùng camera để chụp thông tin cần thiết";
				INFOPLIST_KEY_NSFaceIDUsageDescription = "Dùng FaceID để bảo mật thông tin cá nhân";
				INFOPLIST_KEY_NSPhotoLibraryUsageDescription = "Dùng thư viện ảnh để tải lên các tài liệu";
				INFOPLIST_KEY_UIApplicationSceneManifest_Generation = YES;
				INFOPLIST_KEY_UIApplicationSupportsIndirectInputEvents = YES;
				INFOPLIST_KEY_UILaunchScreen_Generation = YES;
				INFOPLIST_KEY_UISupportedInterfaceOrientations = UIInterfaceOrientationPortrait;
				INFOPLIST_KEY_UISupportedInterfaceOrientations_iPad = "UIInterfaceOrientationPortrait UIInterfaceOrientationPortraitUpsideDown";
				IPHONEOS_DEPLOYMENT_TARGET = 17.1;
				LD_RUNPATH_SEARCH_PATHS = (
					"$(inherited)",
					"@executable_path/Frameworks",
				);
				MARKETING_VERSION = 1.0;
				PRODUCT_BUNDLE_IDENTIFIER = com.duyhuynhnguyentuan.JustHome;
				PRODUCT_NAME = "$(TARGET_NAME)";
				SWIFT_EMIT_LOC_STRINGS = YES;
				SWIFT_VERSION = 5.0;
				TARGETED_DEVICE_FAMILY = "1,2";
			};
			name = Debug;
		};
		0097F6982CAD511300F60068 /* Release */ = {
			isa = XCBuildConfiguration;
			buildSettings = {
				ASSETCATALOG_COMPILER_APPICON_NAME = AppIcon;
				ASSETCATALOG_COMPILER_GLOBAL_ACCENT_COLOR_NAME = AccentColor;
				CODE_SIGN_ENTITLEMENTS = JustHome/JustHome.entitlements;
				CODE_SIGN_STYLE = Automatic;
				CURRENT_PROJECT_VERSION = 1;
				DEVELOPMENT_ASSET_PATHS = "\"JustHome/Preview Content\"";
				DEVELOPMENT_TEAM = TQKAT5B374;
				ENABLE_PREVIEWS = YES;
				GENERATE_INFOPLIST_FILE = YES;
				INFOPLIST_FILE = JustHome/Info.plist;
				INFOPLIST_KEY_NSCameraUsageDescription = "Dùng camera để chụp thông tin cần thiết";
				INFOPLIST_KEY_NSFaceIDUsageDescription = "Dùng FaceID để bảo mật thông tin cá nhân";
				INFOPLIST_KEY_NSPhotoLibraryUsageDescription = "Dùng thư viện ảnh để tải lên các tài liệu";
				INFOPLIST_KEY_UIApplicationSceneManifest_Generation = YES;
				INFOPLIST_KEY_UIApplicationSupportsIndirectInputEvents = YES;
				INFOPLIST_KEY_UILaunchScreen_Generation = YES;
				INFOPLIST_KEY_UISupportedInterfaceOrientations = UIInterfaceOrientationPortrait;
				INFOPLIST_KEY_UISupportedInterfaceOrientations_iPad = "UIInterfaceOrientationPortrait UIInterfaceOrientationPortraitUpsideDown";
				IPHONEOS_DEPLOYMENT_TARGET = 17.1;
				LD_RUNPATH_SEARCH_PATHS = (
					"$(inherited)",
					"@executable_path/Frameworks",
				);
				MARKETING_VERSION = 1.0;
				PRODUCT_BUNDLE_IDENTIFIER = com.duyhuynhnguyentuan.JustHome;
				PRODUCT_NAME = "$(TARGET_NAME)";
				SWIFT_EMIT_LOC_STRINGS = YES;
				SWIFT_VERSION = 5.0;
				TARGETED_DEVICE_FAMILY = "1,2";
			};
			name = Release;
		};
		0097F69A2CAD511300F60068 /* Debug */ = {
			isa = XCBuildConfiguration;
			buildSettings = {
				BUNDLE_LOADER = "$(TEST_HOST)";
				CODE_SIGN_STYLE = Automatic;
				CURRENT_PROJECT_VERSION = 1;
				DEVELOPMENT_TEAM = TQKAT5B374;
				GENERATE_INFOPLIST_FILE = YES;
				IPHONEOS_DEPLOYMENT_TARGET = 18.0;
				MARKETING_VERSION = 1.0;
				PRODUCT_BUNDLE_IDENTIFIER = com.duyhuynhnguyentuan.JustHomeTests;
				PRODUCT_NAME = "$(TARGET_NAME)";
				SWIFT_EMIT_LOC_STRINGS = NO;
				SWIFT_VERSION = 5.0;
				TARGETED_DEVICE_FAMILY = "1,2";
				TEST_HOST = "$(BUILT_PRODUCTS_DIR)/JustHome.app/$(BUNDLE_EXECUTABLE_FOLDER_PATH)/JustHome";
			};
			name = Debug;
		};
		0097F69B2CAD511300F60068 /* Release */ = {
			isa = XCBuildConfiguration;
			buildSettings = {
				BUNDLE_LOADER = "$(TEST_HOST)";
				CODE_SIGN_STYLE = Automatic;
				CURRENT_PROJECT_VERSION = 1;
				DEVELOPMENT_TEAM = TQKAT5B374;
				GENERATE_INFOPLIST_FILE = YES;
				IPHONEOS_DEPLOYMENT_TARGET = 18.0;
				MARKETING_VERSION = 1.0;
				PRODUCT_BUNDLE_IDENTIFIER = com.duyhuynhnguyentuan.JustHomeTests;
				PRODUCT_NAME = "$(TARGET_NAME)";
				SWIFT_EMIT_LOC_STRINGS = NO;
				SWIFT_VERSION = 5.0;
				TARGETED_DEVICE_FAMILY = "1,2";
				TEST_HOST = "$(BUILT_PRODUCTS_DIR)/JustHome.app/$(BUNDLE_EXECUTABLE_FOLDER_PATH)/JustHome";
			};
			name = Release;
		};
		0097F69D2CAD511300F60068 /* Debug */ = {
			isa = XCBuildConfiguration;
			buildSettings = {
				CODE_SIGN_STYLE = Automatic;
				CURRENT_PROJECT_VERSION = 1;
				DEVELOPMENT_TEAM = TQKAT5B374;
				GENERATE_INFOPLIST_FILE = YES;
				MARKETING_VERSION = 1.0;
				PRODUCT_BUNDLE_IDENTIFIER = com.duyhuynhnguyentuan.JustHomeUITests;
				PRODUCT_NAME = "$(TARGET_NAME)";
				SWIFT_EMIT_LOC_STRINGS = NO;
				SWIFT_VERSION = 5.0;
				TARGETED_DEVICE_FAMILY = "1,2";
				TEST_TARGET_NAME = JustHome;
			};
			name = Debug;
		};
		0097F69E2CAD511300F60068 /* Release */ = {
			isa = XCBuildConfiguration;
			buildSettings = {
				CODE_SIGN_STYLE = Automatic;
				CURRENT_PROJECT_VERSION = 1;
				DEVELOPMENT_TEAM = TQKAT5B374;
				GENERATE_INFOPLIST_FILE = YES;
				MARKETING_VERSION = 1.0;
				PRODUCT_BUNDLE_IDENTIFIER = com.duyhuynhnguyentuan.JustHomeUITests;
				PRODUCT_NAME = "$(TARGET_NAME)";
				SWIFT_EMIT_LOC_STRINGS = NO;
				SWIFT_VERSION = 5.0;
				TARGETED_DEVICE_FAMILY = "1,2";
				TEST_TARGET_NAME = JustHome;
			};
			name = Release;
		};
/* End XCBuildConfiguration section */

/* Begin XCConfigurationList section */
		0097F66D2CAD511200F60068 /* Build configuration list for PBXProject "JustHome" */ = {
			isa = XCConfigurationList;
			buildConfigurations = (
				0097F6942CAD511300F60068 /* Debug */,
				0097F6952CAD511300F60068 /* Release */,
			);
			defaultConfigurationIsVisible = 0;
			defaultConfigurationName = Release;
		};
		0097F6962CAD511300F60068 /* Build configuration list for PBXNativeTarget "JustHome" */ = {
			isa = XCConfigurationList;
			buildConfigurations = (
				0097F6972CAD511300F60068 /* Debug */,
				0097F6982CAD511300F60068 /* Release */,
			);
			defaultConfigurationIsVisible = 0;
			defaultConfigurationName = Release;
		};
		0097F6992CAD511300F60068 /* Build configuration list for PBXNativeTarget "JustHomeTests" */ = {
			isa = XCConfigurationList;
			buildConfigurations = (
				0097F69A2CAD511300F60068 /* Debug */,
				0097F69B2CAD511300F60068 /* Release */,
			);
			defaultConfigurationIsVisible = 0;
			defaultConfigurationName = Release;
		};
		0097F69C2CAD511300F60068 /* Build configuration list for PBXNativeTarget "JustHomeUITests" */ = {
			isa = XCConfigurationList;
			buildConfigurations = (
				0097F69D2CAD511300F60068 /* Debug */,
				0097F69E2CAD511300F60068 /* Release */,
			);
			defaultConfigurationIsVisible = 0;
			defaultConfigurationName = Release;
		};
/* End XCConfigurationList section */

/* Begin XCRemoteSwiftPackageReference section */
		00244E5E2CDB52B20063EAF0 /* XCRemoteSwiftPackageReference "SignalR-Client-Swift" */ = {
			isa = XCRemoteSwiftPackageReference;
			repositoryURL = "https://github.com/moozzyk/SignalR-Client-Swift.git";
			requirement = {
				kind = upToNextMajorVersion;
				minimumVersion = 1.1.0;
			};
		};
		00353FB92CEC920000773D3B /* XCRemoteSwiftPackageReference "StepperView" */ = {
			isa = XCRemoteSwiftPackageReference;
			repositoryURL = "https://github.com/badrinathvm/StepperView.git";
			requirement = {
				kind = upToNextMajorVersion;
				minimumVersion = 1.6.7;
			};
		};
		0071B7292CD52AA400FEB497 /* XCRemoteSwiftPackageReference "stripe-ios-spm" */ = {
			isa = XCRemoteSwiftPackageReference;
			repositoryURL = "https://github.com/stripe/stripe-ios-spm";
			requirement = {
				kind = upToNextMajorVersion;
				minimumVersion = 23.32.0;
			};
		};
		00879CF32CEF59C100120423 /* XCRemoteSwiftPackageReference "Alamofire" */ = {
			isa = XCRemoteSwiftPackageReference;
			repositoryURL = "https://github.com/Alamofire/Alamofire.git";
			requirement = {
				kind = upToNextMajorVersion;
				minimumVersion = 5.10.1;
			};
		};
		00879D2E2CF37C7D00120423 /* XCRemoteSwiftPackageReference "Kingfisher" */ = {
			isa = XCRemoteSwiftPackageReference;
			repositoryURL = "https://github.com/onevcat/Kingfisher";
			requirement = {
				kind = upToNextMajorVersion;
				minimumVersion = 8.1.1;
			};
		};
		0097F6E02CB2E91D00F60068 /* XCRemoteSwiftPackageReference "lottie-ios" */ = {
			isa = XCRemoteSwiftPackageReference;
			repositoryURL = "https://github.com/airbnb/lottie-ios.git";
			requirement = {
				kind = upToNextMajorVersion;
				minimumVersion = 4.5.0;
			};
		};
		00B8538D2CCCBD9100B4CB33 /* XCRemoteSwiftPackageReference "firebase-ios-sdk" */ = {
			isa = XCRemoteSwiftPackageReference;
			repositoryURL = "https://github.com/firebase/firebase-ios-sdk";
			requirement = {
				kind = upToNextMajorVersion;
				minimumVersion = 11.4.0;
			};
		};
		00CCF1342CD553060088DA56 /* XCRemoteSwiftPackageReference "SwiftUIPanoramaViewer" */ = {
			isa = XCRemoteSwiftPackageReference;
			repositoryURL = "https://github.com/martinmaly21/SwiftUIPanoramaViewer.git";
			requirement = {
				branch = main;
				kind = branch;
			};
		};
/* End XCRemoteSwiftPackageReference section */

/* Begin XCSwiftPackageProductDependency section */
		00244E5F2CDB52B20063EAF0 /* SignalRClient */ = {
			isa = XCSwiftPackageProductDependency;
			package = 00244E5E2CDB52B20063EAF0 /* XCRemoteSwiftPackageReference "SignalR-Client-Swift" */;
			productName = SignalRClient;
		};
		00353FBA2CEC920000773D3B /* StepperView */ = {
			isa = XCSwiftPackageProductDependency;
			package = 00353FB92CEC920000773D3B /* XCRemoteSwiftPackageReference "StepperView" */;
			productName = StepperView;
		};
		0071B72A2CD52AA400FEB497 /* Stripe */ = {
			isa = XCSwiftPackageProductDependency;
			package = 0071B7292CD52AA400FEB497 /* XCRemoteSwiftPackageReference "stripe-ios-spm" */;
			productName = Stripe;
		};
		0071B72C2CD52AA400FEB497 /* StripePaymentSheet */ = {
			isa = XCSwiftPackageProductDependency;
			package = 0071B7292CD52AA400FEB497 /* XCRemoteSwiftPackageReference "stripe-ios-spm" */;
			productName = StripePaymentSheet;
		};
		00879CF42CEF59C100120423 /* Alamofire */ = {
			isa = XCSwiftPackageProductDependency;
			package = 00879CF32CEF59C100120423 /* XCRemoteSwiftPackageReference "Alamofire" */;
			productName = Alamofire;
		};
		00879D2F2CF37C7D00120423 /* Kingfisher */ = {
			isa = XCSwiftPackageProductDependency;
			package = 00879D2E2CF37C7D00120423 /* XCRemoteSwiftPackageReference "Kingfisher" */;
			productName = Kingfisher;
		};
		0097F6E12CB2E91D00F60068 /* Lottie */ = {
			isa = XCSwiftPackageProductDependency;
			package = 0097F6E02CB2E91D00F60068 /* XCRemoteSwiftPackageReference "lottie-ios" */;
			productName = Lottie;
		};
		00B8538E2CCCBD9100B4CB33 /* FirebaseMessaging */ = {
			isa = XCSwiftPackageProductDependency;
			package = 00B8538D2CCCBD9100B4CB33 /* XCRemoteSwiftPackageReference "firebase-ios-sdk" */;
			productName = FirebaseMessaging;
		};
		00CCF1352CD553060088DA56 /* SwiftUIPanoramaViewer */ = {
			isa = XCSwiftPackageProductDependency;
			package = 00CCF1342CD553060088DA56 /* XCRemoteSwiftPackageReference "SwiftUIPanoramaViewer" */;
			productName = SwiftUIPanoramaViewer;
		};
/* End XCSwiftPackageProductDependency section */
	};
	rootObject = 0097F66A2CAD511200F60068 /* Project object */;
}
